# This file is @generated by PDM.
# It is not intended for manual editing.

[metadata]
groups = ["default"]
strategy = ["inherit_metadata"]
lock_version = "4.5.0"
content_hash = "sha256:d0b600afaecc5957218449d1cd1ceb65cbec8681276bbd50669588c6732d772b"

[[metadata.targets]]
requires_python = ">=3.9"

[[package]]
name = "docstring-parser-fork"
version = "0.0.12"
requires_python = "<4.0,>=3.7"
summary = "Parse Python docstrings in reST, Google and Numpydoc format"
groups = ["default"]
files = [
    {file = "docstring_parser_fork-0.0.12-py3-none-any.whl", hash = "sha256:55d7cbbc8b367655efd64372b9a0b33a49bae930a8ddd5cdc4c6112312e28a87"},
    {file = "docstring_parser_fork-0.0.12.tar.gz", hash = "sha256:b44c5e0be64ae80f395385f01497d381bd094a57221fd9ff020987d06857b2a0"},
]
